{
  "name": "dsh-vibeify",
  "version": "0.16.0",
  "lockfileVersion": 3,
  "requires": true,
  "packages": {
    "": {
      "name": "dsh-vibeify",
      "version": "0.16.0",
      "license": "MIT",
      "dependencies": {
        "@openai/codex": "0.157.0"
      },
      "devDependencies": {
        "esbuild": "0.25.9",
        "react": "18.3.1",
        "react-dom": "18.3.1"
      },
      "engines": {
        "node": ">=22"
      },
      "peerDependencies": {
        "@deepseek-ai/dsh-agent": "0.1.5-rc.3",
        "@deepseek-ai/dsh-llm": "0.1.5-rc.3",
        "@deepseek-ai/dsh-sdk-protocol": "0.1.5-rc.3",
        "@deepseek-ai/dsh-settings": "0.1.5-rc.3",
        "@deepseek-ai/dsh-subagent": "0.1.5-rc.3",
        "@deepseek-ai/dsh-user-approval": "0.1.5-rc.3",
        "@deepseek-ai/schemastery": "3.18.2"
      }
    },
    "node_modules/@deepseek-ai/cordis": {
      "version": "4.0.2",
      "resolved": "https://registry.npmjs.org/@deepseek-ai/cordis/-/cordis-4.0.2.tgz",
      "integrity": "sha512-asOnXP1TzFSFQlHb1iegDZp0z/8WD1c7YNrwJR/Tx2bzNuMXfcekE/I67Iv6SQXeLB4csxqCngzQKANP7gdw0g==",
      "license": "MIT",
      "peer": true,
      "dependencies": {
        "@deepseek-ai/cosmokit": "^1.8.3",
        "@standard-schema/spec": "^1.1.0"
      },
      "bin": {
        "cordis": "bin.js"
      },
      "peerDependencies": {
        "@deepseek-ai/cordis-plugin-include": "^1.0.7",
        "@deepseek-ai/cordis-plugin-loader": "^1.0.3"
      },
      "peerDependenciesMeta": {
        "@deepseek-ai/cordis-plugin-include": {
          "optional": true
        },
        "@deepseek-ai/cordis-plugin-loader": {
          "optional": true
        }
      }
    },
    "node_modules/@deepseek-ai/cosmokit": {
      "version": "1.8.5",
      "resolved": "https://registry.npmjs.org/@deepseek-ai/cosmokit/-/cosmokit-1.8.5.tgz",
      "integrity": "sha512-LXsrlem9z8dq4sLflj2yuCuYX7KqhdzF5hZly3eZyuTo8d6oDSOXuEgC5DbQWKW+lksm6zmOutQLsP/ma6wR6A==",
      "license": "MIT"
    },
    "node_modules/@deepseek-ai/dsh-agent": {
      "version": "0.1.5-rc.3",
      "resolved": "https://registry.npmjs.org/@deepseek-ai/dsh-agent/-/dsh-agent-0.1.5-rc.3.tgz",
      "integrity": "sha512-+BvnHhttEpT/7HAlpx+QUQvLdXTEvF9o8j4bGOUIEWMJeblm2DKDXWuVL1Pzanm5ZW0ec9Y/WOnDcExMUMkh3Q==",
      "license": "MIT",
      "peer": true,
      "peerDependencies": {
        "@deepseek-ai/cordis": "4.0.2",
        "@deepseek-ai/dsh-invariants": "^0.1.5-rc.3",
        "@deepseek-ai/dsh-llm": "^0.1.5-rc.3",
        "@deepseek-ai/dsh-scope": "^0.1.5-rc.3",
        "@deepseek-ai/dsh-session": "^0.1.5-rc.3",
        "@deepseek-ai/dsh-session-projection": "^0.1.5-rc.3",
        "@deepseek-ai/dsh-system-prompt": "^0.1.5-rc.3",
        "@deepseek-ai/dsh-typert-protocol": "^0.1.5-rc.3",
        "@deepseek-ai/dsh-util-values": "^0.1.5-rc.3"
      }
    },
    "node_modules/@deepseek-ai/dsh-attachment": {
      "version": "0.1.5-rc.3",
      "resolved": "https://registry.npmjs.org/@deepseek-ai/dsh-attachment/-/dsh-attachment-0.1.5-rc.3.tgz",
      "integrity": "sha512-mQpRILttCP9rxUro5N78jSd7dKLb1tsQN9Qf+talhhxfsOigUCyWqsWVrLJIdXV4Bpa3ZzNuQK29O8D7Z+Njvg==",
      "license": "MIT",
      "peer": true,
      "peerDependencies": {
        "@deepseek-ai/cordis": "4.0.2",
        "@deepseek-ai/dsh-brand": "^0.1.5-rc.3"
      }
    },
    "node_modules/@deepseek-ai/dsh-brand": {
      "version": "0.1.5-rc.3",
      "resolved": "https://registry.npmjs.org/@deepseek-ai/dsh-brand/-/dsh-brand-0.1.5-rc.3.tgz",
      "integrity": "sha512-pzbPtyEwnFMCrUYLwFio8GmUxtTqqAkhW5IheWH1tSgUnVIAu4OwVbxwTNiDGMRbgTRAzT9xZ7bukUejpyob4w==",
      "license": "MIT",
      "peer": true,
      "peerDependencies": {
        "@deepseek-ai/cordis": "4.0.2"
      }
    },
    "node_modules/@deepseek-ai/dsh-chunked-list": {
      "version": "0.1.5-rc.3",
      "resolved": "https://registry.npmjs.org/@deepseek-ai/dsh-chunked-list/-/dsh-chunked-list-0.1.5-rc.3.tgz",
      "integrity": "sha512-zeKMMzqmzn6cV1EzqWhDrUl6Ud/4o49Qf/UTAyTbnKWindKEfVHSt5K2rDIdjHvKEOb016w5K+Cx1EOp3OQN1Q==",
      "license": "MIT",
      "dependencies": {
        "zod": "^4.4.3"
      },
      "peerDependencies": {
        "@deepseek-ai/cordis": "4.0.2"
      }
    },
    "node_modules/@deepseek-ai/dsh-code-runtime": {
      "version": "0.1.5-rc.3",
      "resolved": "https://registry.npmjs.org/@deepseek-ai/dsh-code-runtime/-/dsh-code-runtime-0.1.5-rc.3.tgz",
      "integrity": "sha512-BXxnniypydUqy5H5VhQGso5QK6Q+HNurTf8jaTv5FYOR/vxB40LY+bFGd70sTthi2q3nh6rqVV0yKJqYhyPksQ==",
      "license": "MIT",
      "peer": true,
      "peerDependencies": {
        "@deepseek-ai/cordis": "4.0.2"
      }
    },
    "node_modules/@deepseek-ai/dsh-invariants": {
      "version": "0.1.5-rc.3",
      "resolved": "https://registry.npmjs.org/@deepseek-ai/dsh-invariants/-/dsh-invariants-0.1.5-rc.3.tgz",
      "integrity": "sha512-1iPfLsu8zFAsfIRYE958uMhB3oTO/LmN3ArTifxWFlRvCmBRd9Ca6l7DZh/daLnJsDSdtLQtVzPqbgTV9tzNlQ==",
      "license": "MIT",
      "peer": true,
      "dependencies": {
        "@deepseek-ai/schemastery": "3.18.2"
      },
      "peerDependencies": {
        "@deepseek-ai/cordis": "4.0.2"
      }
    },
    "node_modules/@deepseek-ai/dsh-llm": {
      "version": "0.1.5-rc.3",
      "resolved": "https://registry.npmjs.org/@deepseek-ai/dsh-llm/-/dsh-llm-0.1.5-rc.3.tgz",
      "integrity": "sha512-c6Z7S1SlRAgLKQ/MZKp0mCMrBz06X9XEddLFxhK5Flq0PM18dsJgIbRgNpobILy2AJyYx0vnHbepjmITW6BXWA==",
      "license": "MIT",
      "peer": true,
      "dependencies": {
        "@deepseek-ai/dsh-brand": "^0.1.5-rc.3",
        "@deepseek-ai/dsh-timeout": "^0.1.5-rc.3",
        "@deepseek-ai/dsh-typert-protocol": "^0.1.5-rc.3",
        "@deepseek-ai/dsh-util-crypto": "^0.1.5-rc.3",
        "@deepseek-ai/dsh-util-values": "^0.1.5-rc.3",
        "@deepseek-ai/schemastery": "3.18.2",
        "zod": "^4.4.3"
      },
      "peerDependencies": {
        "@deepseek-ai/cordis": "4.0.2"
      }
    },
    "node_modules/@deepseek-ai/dsh-scope": {
      "version": "0.1.5-rc.3",
      "resolved": "https://registry.npmjs.org/@deepseek-ai/dsh-scope/-/dsh-scope-0.1.5-rc.3.tgz",
      "integrity": "sha512-2B45GShJQwPs+Ad4MdI2kkbxkogagZopAY2lbYowAz6Oris3jGxZJ4v3/ZyJw7c9bhTJUagHXCpXQYFSIXumLA==",
      "license": "MIT",
      "peer": true,
      "peerDependencies": {
        "@deepseek-ai/cordis": "4.0.2",
        "@deepseek-ai/dsh-invariants": "^0.1.5-rc.3"
      }
    },
    "node_modules/@deepseek-ai/dsh-sdk-protocol": {
      "version": "0.1.5-rc.3",
      "resolved": "https://registry.npmjs.org/@deepseek-ai/dsh-sdk-protocol/-/dsh-sdk-protocol-0.1.5-rc.3.tgz",
      "integrity": "sha512-wc4nJV5R99yYEvtgQ6VGHxlRZnAFTfUzXhOpSpRyIevRtc1sNI3LicYZNpFRObJt/zA9+bfgcT5v4UwktoturA==",
      "license": "MIT",
      "peer": true,
      "peerDependencies": {
        "@deepseek-ai/cordis": "4.0.2",
        "@deepseek-ai/dsh-llm": "^0.1.5-rc.3",
        "@deepseek-ai/dsh-session": "^0.1.5-rc.3",
        "@deepseek-ai/dsh-subagent": "^0.1.5-rc.3"
      }
    },
    "node_modules/@deepseek-ai/dsh-session": {
      "version": "0.1.5-rc.3",
      "resolved": "https://registry.npmjs.org/@deepseek-ai/dsh-session/-/dsh-session-0.1.5-rc.3.tgz",
      "integrity": "sha512-ZvcJxTCLSPVRFLElseKAOR6hByyNuUk+O+mQtPGKQwh/CWa55aN13oEYTS7bskeSFRrWkHTx4KLgDYilMNZhqw==",
      "license": "MIT",
      "peer": true,
      "dependencies": {
        "@deepseek-ai/dsh-brand": "^0.1.5-rc.3",
        "@deepseek-ai/dsh-llm": "^0.1.5-rc.3",
        "@deepseek-ai/dsh-util-values": "^0.1.5-rc.3"
      },
      "peerDependencies": {
        "@deepseek-ai/cordis": "4.0.2",
        "@deepseek-ai/dsh-scope": "^0.1.5-rc.3"
      }
    },
    "node_modules/@deepseek-ai/dsh-session-projection": {
      "version": "0.1.5-rc.3",
      "resolved": "https://registry.npmjs.org/@deepseek-ai/dsh-session-projection/-/dsh-session-projection-0.1.5-rc.3.tgz",
      "integrity": "sha512-cZEVVXN38N3cm+577BjZfVymDWUtG+lbi041vl6rJme4AfNaz2PujcVbzFu1PXg+QpbX19r0JA01B/t62xLOQg==",
      "license": "MIT",
      "peer": true,
      "dependencies": {
        "zod": "^4.4.3"
      },
      "peerDependencies": {
        "@deepseek-ai/cordis": "4.0.2",
        "@deepseek-ai/dsh-session": "^0.1.5-rc.3"
      }
    },
    "node_modules/@deepseek-ai/dsh-settings": {
      "version": "0.1.5-rc.3",
      "resolved": "https://registry.npmjs.org/@deepseek-ai/dsh-settings/-/dsh-settings-0.1.5-rc.3.tgz",
      "integrity": "sha512-I7jfjxOfoScZWKD08TQkoiS1uPLKwHZ3OXyMPcJC98EobRCitS5Hynp/cNdymxesALp/jSGzfaNCnrQGx8iirg==",
      "license": "MIT",
      "peer": true,
      "dependencies": {
        "@deepseek-ai/dsh-util-values": "^0.1.5-rc.3"
      },
      "peerDependencies": {
        "@deepseek-ai/cordis": "4.0.2",
        "@deepseek-ai/dsh-brand": "^0.1.5-rc.3",
        "@deepseek-ai/dsh-invariants": "^0.1.5-rc.3",
        "@deepseek-ai/dsh-session": "^0.1.5-rc.3",
        "@deepseek-ai/schemastery": "3.18.2"
      }
    },
    "node_modules/@deepseek-ai/dsh-subagent": {
      "version": "0.1.5-rc.3",
      "resolved": "https://registry.npmjs.org/@deepseek-ai/dsh-subagent/-/dsh-subagent-0.1.5-rc.3.tgz",
      "integrity": "sha512-mWxCXeN87Y/gxnXgjfX33KNNA9uNg8zDUPuBIbVofekOoaliFFZiW5vMBL3wX55VwW0ExaJeqYu+17nhW2MWaA==",
      "license": "MIT",
      "peer": true,
      "dependencies": {
        "@deepseek-ai/dsh-brand": "^0.1.5-rc.3",
        "@deepseek-ai/dsh-chunked-list": "^0.1.5-rc.3",
        "@deepseek-ai/dsh-util-values": "^0.1.5-rc.3",
        "zod": "^4.4.3"
      },
      "peerDependencies": {
        "@deepseek-ai/cordis": "4.0.2",
        "@deepseek-ai/dsh-agent": "^0.1.5-rc.3",
        "@deepseek-ai/dsh-agent-presets": "^0.1.5-rc.3",
        "@deepseek-ai/dsh-attachment": "^0.1.5-rc.3",
        "@deepseek-ai/dsh-invariants": "^0.1.5-rc.3",
        "@deepseek-ai/dsh-jobs": "^0.1.5-rc.3",
        "@deepseek-ai/dsh-llm": "^0.1.5-rc.3",
        "@deepseek-ai/dsh-sandbox": "^0.1.5-rc.3",
        "@deepseek-ai/dsh-sandbox-policy": "^0.1.5-rc.3",
        "@deepseek-ai/dsh-scope": "^0.1.5-rc.3",
        "@deepseek-ai/dsh-session": "^0.1.5-rc.3",
        "@deepseek-ai/dsh-session-persistence": "^0.1.5-rc.3",
        "@deepseek-ai/dsh-session-projection": "^0.1.5-rc.3",
        "@deepseek-ai/dsh-session-projection-cache": "^0.1.5-rc.3",
        "@deepseek-ai/dsh-session-query": "^0.1.5-rc.3",
        "@deepseek-ai/dsh-system-prompt": "^0.1.5-rc.3",
        "@deepseek-ai/dsh-tools": "^0.1.5-rc.3",
        "@deepseek-ai/dsh-typert-protocol": "^0.1.5-rc.3",
        "@deepseek-ai/dsh-user-approval": "^0.1.5-rc.3",
        "@deepseek-ai/dsh-util-time": "^0.1.5-rc.3"
      },
      "peerDependenciesMeta": {
        "@deepseek-ai/dsh-agent-presets": {
          "optional": true
        },
        "@deepseek-ai/dsh-jobs": {
          "optional": true
        },
        "@deepseek-ai/dsh-sandbox": {
          "optional": true
        },
        "@deepseek-ai/dsh-sandbox-policy": {
          "optional": true
        },
        "@deepseek-ai/dsh-session-persistence": {
          "optional": true
        },
        "@deepseek-ai/dsh-session-projection": {
          "optional": true
        },
        "@deepseek-ai/dsh-session-projection-cache": {
          "optional": true
        },
        "@deepseek-ai/dsh-session-query": {
          "optional": true
        },
        "@deepseek-ai/dsh-user-approval": {
          "optional": true
        }
      }
    },
    "node_modules/@deepseek-ai/dsh-system-prompt": {
      "version": "0.1.5-rc.3",
      "resolved": "https://registry.npmjs.org/@deepseek-ai/dsh-system-prompt/-/dsh-system-prompt-0.1.5-rc.3.tgz",
      "integrity": "sha512-CVWTVym37iHQ8ibty8N+LiPcEF/SPjzXOG/BpyzIMuH1D0wJfRThGgFgGUHRdhJUw/e3WYmyxTfZHlkWnIdojA==",
      "license": "MIT",
      "peer": true,
      "dependencies": {
        "@deepseek-ai/schemastery": "3.18.2"
      },
      "peerDependencies": {
        "@deepseek-ai/cordis": "4.0.2",
        "@deepseek-ai/dsh-invariants": "^0.1.5-rc.3",
        "@deepseek-ai/dsh-llm": "^0.1.5-rc.3",
        "@deepseek-ai/dsh-scope": "^0.1.5-rc.3"
      }
    },
    "node_modules/@deepseek-ai/dsh-timeout": {
      "version": "0.1.5-rc.3",
      "resolved": "https://registry.npmjs.org/@deepseek-ai/dsh-timeout/-/dsh-timeout-0.1.5-rc.3.tgz",
      "integrity": "sha512-Z7HyqvGaO/k4XLp/EykvIuA0i67CvWb/R0c7Lt/3/8dwmDvqKWgWvh/EiNip7UMXMpQBJzI+Xe4OuzXV/A90Nw==",
      "license": "MIT",
      "peerDependencies": {
        "@deepseek-ai/cordis": "4.0.2"
      }
    },
    "node_modules/@deepseek-ai/dsh-tools": {
      "version": "0.1.5-rc.3",
      "resolved": "https://registry.npmjs.org/@deepseek-ai/dsh-tools/-/dsh-tools-0.1.5-rc.3.tgz",
      "integrity": "sha512-GEMQyn1iHmQhwn/2gwDRdyaD369zu7DCQ0Ao58hGYMDhPBaoc21SuKZ3I5wVJcYRhSPfSev2Gz9FJ+x1R6tSZw==",
      "license": "MIT",
      "peer": true,
      "dependencies": {
        "@deepseek-ai/dsh-brand": "^0.1.5-rc.3",
        "@deepseek-ai/dsh-util-values": "^0.1.5-rc.3",
        "@deepseek-ai/schemastery": "3.18.2"
      },
      "peerDependencies": {
        "@deepseek-ai/cordis": "4.0.2",
        "@deepseek-ai/dsh-agent": "^0.1.5-rc.3",
        "@deepseek-ai/dsh-code-runtime": "^0.1.5-rc.3",
        "@deepseek-ai/dsh-invariants": "^0.1.5-rc.3",
        "@deepseek-ai/dsh-llm": "^0.1.5-rc.3",
        "@deepseek-ai/dsh-scope": "^0.1.5-rc.3",
        "@deepseek-ai/dsh-session": "^0.1.5-rc.3",
        "@deepseek-ai/dsh-system-prompt": "^0.1.5-rc.3",
        "@deepseek-ai/dsh-user-approval": "^0.1.5-rc.3"
      }
    },
    "node_modules/@deepseek-ai/dsh-typert-protocol": {
      "version": "0.1.5-rc.3",
      "resolved": "https://registry.npmjs.org/@deepseek-ai/dsh-typert-protocol/-/dsh-typert-protocol-0.1.5-rc.3.tgz",
      "integrity": "sha512-lcQGIQK4Z5dBguLQFzoDiHQBT387egSnFYJOakEjqIMM9jkAfMI/HqlsVSRSzHW7SQL9f6SxJMHCD7pIkJzsWA==",
      "license": "MIT",
      "peer": true,
      "peerDependencies": {
        "@deepseek-ai/cordis": "4.0.2"
      }
    },
    "node_modules/@deepseek-ai/dsh-user-approval": {
      "version": "0.1.5-rc.3",
      "resolved": "https://registry.npmjs.org/@deepseek-ai/dsh-user-approval/-/dsh-user-approval-0.1.5-rc.3.tgz",
      "integrity": "sha512-AOgmQWcowf8PgRKC4Ejs9oBMmLyJGHJCWawCCHs4Ztx7M8/o01Zccma1TgrSDDwW2ITlJx6ad6OJceX7Kvs4nA==",
      "license": "MIT",
      "peer": true,
      "dependencies": {
        "@deepseek-ai/schemastery": "3.18.2"
      },
      "peerDependencies": {
        "@deepseek-ai/cordis": "4.0.2",
        "@deepseek-ai/dsh-agent": "^0.1.5-rc.3",
        "@deepseek-ai/dsh-brand": "^0.1.5-rc.3",
        "@deepseek-ai/dsh-invariants": "^0.1.5-rc.3",
        "@deepseek-ai/dsh-llm": "^0.1.5-rc.3",
        "@deepseek-ai/dsh-scope": "^0.1.5-rc.3",
        "@deepseek-ai/dsh-session": "^0.1.5-rc.3",
        "@deepseek-ai/dsh-system-prompt": "^0.1.5-rc.3"
      }
    },
    "node_modules/@deepseek-ai/dsh-util-crypto": {
      "version": "0.1.5-rc.3",
      "resolved": "https://registry.npmjs.org/@deepseek-ai/dsh-util-crypto/-/dsh-util-crypto-0.1.5-rc.3.tgz",
      "integrity": "sha512-gQAFF2TLLAV5ejHAklCplePVdL2TV4CH1Xt3A0bqaLxZ2zoOxXoVUieUzPrHo+X1NKfsmdcWvOx9zdlDkXY+sQ==",
      "license": "MIT",
      "peerDependencies": {
        "@deepseek-ai/cordis": "4.0.2"
      }
    },
    "node_modules/@deepseek-ai/dsh-util-time": {
      "version": "0.1.5-rc.3",
      "resolved": "https://registry.npmjs.org/@deepseek-ai/dsh-util-time/-/dsh-util-time-0.1.5-rc.3.tgz",
      "integrity": "sha512-q/SeDBaIPOw+FNCZ+sYAghYNtzqc6vNSvGg/RxFK8pkTayZh7yGZs6QhGkvVxkqJOiLWkgW2rrZ6ayqTMyJxcg==",
      "license": "MIT",
      "peer": true,
      "peerDependencies": {
        "@deepseek-ai/cordis": "4.0.2"
      }
    },
    "node_modules/@deepseek-ai/dsh-util-values": {
      "version": "0.1.5-rc.3",
      "resolved": "https://registry.npmjs.org/@deepseek-ai/dsh-util-values/-/dsh-util-values-0.1.5-rc.3.tgz",
      "integrity": "sha512-K0qEm9XmgcxCMuJBK7skNE3v35JTOurN24IwrZ4t0xoaSlZSF4wR0L/R7ipj9IQSlB7sGdQLdegTNsZmSlmw4Q==",
      "license": "MIT",
      "peer": true,
      "peerDependencies": {
        "@deepseek-ai/cordis": "4.0.2"
      }
    },
    "node_modules/@deepseek-ai/schemastery": {
      "version": "3.18.2",
      "resolved": "https://registry.npmjs.org/@deepseek-ai/schemastery/-/schemastery-3.18.2.tgz",
      "integrity": "sha512-njDtZsznjYxok7KLLlHOPyuv2efdWVbSflAHgztSfbMsg+CVraEoRe2DjOCgClYv3ZCSm7WXoaUkbB/+RY7tWQ==",
      "license": "MIT",
      "peer": true,
      "dependencies": {
        "@deepseek-ai/cosmokit": "^1.8.3",
        "@standard-schema/spec": "^1.1.0"
      }
    },
    "node_modules/@esbuild/aix-ppc64": {
      "version": "0.25.9",
      "resolved": "https://registry.npmjs.org/@esbuild/aix-ppc64/-/aix-ppc64-0.25.9.tgz",
      "integrity": "sha512-OaGtL73Jck6pBKjNIe24BnFE6agGl+6KxDtTfHhy1HmhthfKouEcOhqpSL64K4/0WCtbKFLOdzD/44cJ4k9opA==",
      "cpu": [
        "ppc64"
      ],
      "dev": true,
      "license": "MIT",
      "optional": true,
      "os": [
        "aix"
      ],
      "engines": {
        "node": ">=18"
      }
    },
    "node_modules/@esbuild/android-arm": {
      "version": "0.25.9",
      "resolved": "https://registry.npmjs.org/@esbuild/android-arm/-/android-arm-0.25.9.tgz",
      "integrity": "sha512-5WNI1DaMtxQ7t7B6xa572XMXpHAaI/9Hnhk8lcxF4zVN4xstUgTlvuGDorBguKEnZO70qwEcLpfifMLoxiPqHQ==",
      "cpu": [
        "arm"
      ],
      "dev": true,
      "license": "MIT",
      "optional": true,
      "os": [
        "android"
      ],
      "engines": {
        "node": ">=18"
      }
    },
    "node_modules/@esbuild/android-arm64": {
      "version": "0.25.9",
      "resolved": "https://registry.npmjs.org/@esbuild/android-arm64/-/android-arm64-0.25.9.tgz",
      "integrity": "sha512-IDrddSmpSv51ftWslJMvl3Q2ZT98fUSL2/rlUXuVqRXHCs5EUF1/f+jbjF5+NG9UffUDMCiTyh8iec7u8RlTLg==",
      "cpu": [
        "arm64"
      ],
      "dev": true,
      "license": "MIT",
      "optional": true,
      "os": [
        "android"
      ],
      "engines": {
        "node": ">=18"
      }
    },
    "node_modules/@esbuild/android-x64": {
      "version": "0.25.9",
      "resolved": "https://registry.npmjs.org/@esbuild/android-x64/-/android-x64-0.25.9.tgz",
      "integrity": "sha512-I853iMZ1hWZdNllhVZKm34f4wErd4lMyeV7BLzEExGEIZYsOzqDWDf+y082izYUE8gtJnYHdeDpN/6tUdwvfiw==",
      "cpu": [
        "x64"
      ],
      "dev": true,
      "license": "MIT",
      "optional": true,
      "os": [
        "android"
      ],
      "engines": {
        "node": ">=18"
      }
    },
    "node_modules/@esbuild/darwin-arm64": {
      "version": "0.25.9",
      "resolved": "https://registry.npmjs.org/@esbuild/darwin-arm64/-/darwin-arm64-0.25.9.tgz",
      "integrity": "sha512-XIpIDMAjOELi/9PB30vEbVMs3GV1v2zkkPnuyRRURbhqjyzIINwj+nbQATh4H9GxUgH1kFsEyQMxwiLFKUS6Rg==",
      "cpu": [
        "arm64"
      ],
      "dev": true,
      "license": "MIT",
      "optional": true,
      "os": [
        "darwin"
      ],
      "engines": {
        "node": ">=18"
      }
    },
    "node_modules/@esbuild/darwin-x64": {
      "version": "0.25.9",
      "resolved": "https://registry.npmjs.org/@esbuild/darwin-x64/-/darwin-x64-0.25.9.tgz",
      "integrity": "sha512-jhHfBzjYTA1IQu8VyrjCX4ApJDnH+ez+IYVEoJHeqJm9VhG9Dh2BYaJritkYK3vMaXrf7Ogr/0MQ8/MeIefsPQ==",
      "cpu": [
        "x64"
      ],
      "dev": true,
      "license": "MIT",
      "optional": true,
      "os": [
        "darwin"
      ],
      "engines": {
        "node": ">=18"
      }
    },
    "node_modules/@esbuild/freebsd-arm64": {
      "version": "0.25.9",
      "resolved": "https://registry.npmjs.org/@esbuild/freebsd-arm64/-/freebsd-arm64-0.25.9.tgz",
      "integrity": "sha512-z93DmbnY6fX9+KdD4Ue/H6sYs+bhFQJNCPZsi4XWJoYblUqT06MQUdBCpcSfuiN72AbqeBFu5LVQTjfXDE2A6Q==",
      "cpu": [
        "arm64"
      ],
      "dev": true,
      "license": "MIT",
      "optional": true,
      "os": [
        "freebsd"
      ],
      "engines": {
        "node": ">=18"
      }
    },
    "node_modules/@esbuild/freebsd-x64": {
      "version": "0.25.9",
      "resolved": "https://registry.npmjs.org/@esbuild/freebsd-x64/-/freebsd-x64-0.25.9.tgz",
      "integrity": "sha512-mrKX6H/vOyo5v71YfXWJxLVxgy1kyt1MQaD8wZJgJfG4gq4DpQGpgTB74e5yBeQdyMTbgxp0YtNj7NuHN0PoZg==",
      "cpu": [
        "x64"
      ],
      "dev": true,
      "license": "MIT",
      "optional": true,
      "os": [
        "freebsd"
      ],
      "engines": {
        "node": ">=18"
      }
    },
    "node_modules/@esbuild/linux-arm": {
      "version": "0.25.9",
      "resolved": "https://registry.npmjs.org/@esbuild/linux-arm/-/linux-arm-0.25.9.tgz",
      "integrity": "sha512-HBU2Xv78SMgaydBmdor38lg8YDnFKSARg1Q6AT0/y2ezUAKiZvc211RDFHlEZRFNRVhcMamiToo7bDx3VEOYQw==",
      "cpu": [
        "arm"
      ],
      "dev": true,
      "license": "MIT",
      "optional": true,
      "os": [
        "linux"
      ],
      "engines": {
        "node": ">=18"
      }
    },
    "node_modules/@esbuild/linux-arm64": {
      "version": "0.25.9",
      "resolved": "https://registry.npmjs.org/@esbuild/linux-arm64/-/linux-arm64-0.25.9.tgz",
      "integrity": "sha512-BlB7bIcLT3G26urh5Dmse7fiLmLXnRlopw4s8DalgZ8ef79Jj4aUcYbk90g8iCa2467HX8SAIidbL7gsqXHdRw==",
      "cpu": [
        "arm64"
      ],
      "dev": true,
      "license": "MIT",
      "optional": true,
      "os": [
        "linux"
      ],
      "engines": {
        "node": ">=18"
      }
    },
    "node_modules/@esbuild/linux-ia32": {
      "version": "0.25.9",
      "resolved": "https://registry.npmjs.org/@esbuild/linux-ia32/-/linux-ia32-0.25.9.tgz",
      "integrity": "sha512-e7S3MOJPZGp2QW6AK6+Ly81rC7oOSerQ+P8L0ta4FhVi+/j/v2yZzx5CqqDaWjtPFfYz21Vi1S0auHrap3Ma3A==",
      "cpu": [
        "ia32"
      ],
      "dev": true,
      "license": "MIT",
      "optional": true,
      "os": [
        "linux"
      ],
      "engines": {
        "node": ">=18"
      }
    },
    "node_modules/@esbuild/linux-loong64": {
      "version": "0.25.9",
      "resolved": "https://registry.npmjs.org/@esbuild/linux-loong64/-/linux-loong64-0.25.9.tgz",
      "integrity": "sha512-Sbe10Bnn0oUAB2AalYztvGcK+o6YFFA/9829PhOCUS9vkJElXGdphz0A3DbMdP8gmKkqPmPcMJmJOrI3VYB1JQ==",
      "cpu": [
        "loong64"
      ],
      "dev": true,
      "license": "MIT",
      "optional": true,
      "os": [
        "linux"
      ],
      "engines": {
        "node": ">=18"
      }
    },
    "node_modules/@esbuild/linux-mips64el": {
      "version": "0.25.9",
      "resolved": "https://registry.npmjs.org/@esbuild/linux-mips64el/-/linux-mips64el-0.25.9.tgz",
      "integrity": "sha512-YcM5br0mVyZw2jcQeLIkhWtKPeVfAerES5PvOzaDxVtIyZ2NUBZKNLjC5z3/fUlDgT6w89VsxP2qzNipOaaDyA==",
      "cpu": [
        "mips64el"
      ],
      "dev": true,
      "license": "MIT",
      "optional": true,
      "os": [
        "linux"
      ],
      "engines": {
        "node": ">=18"
      }
    },
    "node_modules/@esbuild/linux-ppc64": {
      "version": "0.25.9",
      "resolved": "https://registry.npmjs.org/@esbuild/linux-ppc64/-/linux-ppc64-0.25.9.tgz",
      "integrity": "sha512-++0HQvasdo20JytyDpFvQtNrEsAgNG2CY1CLMwGXfFTKGBGQT3bOeLSYE2l1fYdvML5KUuwn9Z8L1EWe2tzs1w==",
      "cpu": [
        "ppc64"
      ],
      "dev": true,
      "license": "MIT",
      "optional": true,
      "os": [
        "linux"
      ],
      "engines": {
        "node": ">=18"
      }
    },
    "node_modules/@esbuild/linux-riscv64": {
      "version": "0.25.9",
      "resolved": "https://registry.npmjs.org/@esbuild/linux-riscv64/-/linux-riscv64-0.25.9.tgz",
      "integrity": "sha512-uNIBa279Y3fkjV+2cUjx36xkx7eSjb8IvnL01eXUKXez/CBHNRw5ekCGMPM0BcmqBxBcdgUWuUXmVWwm4CH9kg==",
      "cpu": [
        "riscv64"
      ],
      "dev": true,
      "license": "MIT",
      "optional": true,
      "os": [
        "linux"
      ],
      "engines": {
        "node": ">=18"
      }
    },
    "node_modules/@esbuild/linux-s390x": {
      "version": "0.25.9",
      "resolved": "https://registry.npmjs.org/@esbuild/linux-s390x/-/linux-s390x-0.25.9.tgz",
      "integrity": "sha512-Mfiphvp3MjC/lctb+7D287Xw1DGzqJPb/J2aHHcHxflUo+8tmN/6d4k6I2yFR7BVo5/g7x2Monq4+Yew0EHRIA==",
      "cpu": [
        "s390x"
      ],
      "dev": true,
      "license": "MIT",
      "optional": true,
      "os": [
        "linux"
      ],
      "engines": {
        "node": ">=18"
      }
    },
    "node_modules/@esbuild/linux-x64": {
      "version": "0.25.9",
      "resolved": "https://registry.npmjs.org/@esbuild/linux-x64/-/linux-x64-0.25.9.tgz",
      "integrity": "sha512-iSwByxzRe48YVkmpbgoxVzn76BXjlYFXC7NvLYq+b+kDjyyk30J0JY47DIn8z1MO3K0oSl9fZoRmZPQI4Hklzg==",
      "cpu": [
        "x64"
      ],
      "dev": true,
      "license": "MIT",
      "optional": true,
      "os": [
        "linux"
      ],
      "engines": {
        "node": ">=18"
      }
    },
    "node_modules/@esbuild/netbsd-arm64": {
      "version": "0.25.9",
      "resolved": "https://registry.npmjs.org/@esbuild/netbsd-arm64/-/netbsd-arm64-0.25.9.tgz",
      "integrity": "sha512-9jNJl6FqaUG+COdQMjSCGW4QiMHH88xWbvZ+kRVblZsWrkXlABuGdFJ1E9L7HK+T0Yqd4akKNa/lO0+jDxQD4Q==",
      "cpu": [
        "arm64"
      ],
      "dev": true,
      "license": "MIT",
      "optional": true,
      "os": [
        "netbsd"
      ],
      "engines": {
        "node": ">=18"
      }
    },
    "node_modules/@esbuild/netbsd-x64": {
      "version": "0.25.9",
      "resolved": "https://registry.npmjs.org/@esbuild/netbsd-x64/-/netbsd-x64-0.25.9.tgz",
      "integrity": "sha512-RLLdkflmqRG8KanPGOU7Rpg829ZHu8nFy5Pqdi9U01VYtG9Y0zOG6Vr2z4/S+/3zIyOxiK6cCeYNWOFR9QP87g==",
      "cpu": [
        "x64"
      ],
      "dev": true,
      "license": "MIT",
      "optional": true,
      "os": [
        "netbsd"
      ],
      "engines": {
        "node": ">=18"
      }
    },
    "node_modules/@esbuild/openbsd-arm64": {
      "version": "0.25.9",
      "resolved": "https://registry.npmjs.org/@esbuild/openbsd-arm64/-/openbsd-arm64-0.25.9.tgz",
      "integrity": "sha512-YaFBlPGeDasft5IIM+CQAhJAqS3St3nJzDEgsgFixcfZeyGPCd6eJBWzke5piZuZ7CtL656eOSYKk4Ls2C0FRQ==",
      "cpu": [
        "arm64"
      ],
      "dev": true,
      "license": "MIT",
      "optional": true,
      "os": [
        "openbsd"
      ],
      "engines": {
        "node": ">=18"
      }
    },
    "node_modules/@esbuild/openbsd-x64": {
      "version": "0.25.9",
      "resolved": "https://registry.npmjs.org/@esbuild/openbsd-x64/-/openbsd-x64-0.25.9.tgz",
      "integrity": "sha512-1MkgTCuvMGWuqVtAvkpkXFmtL8XhWy+j4jaSO2wxfJtilVCi0ZE37b8uOdMItIHz4I6z1bWWtEX4CJwcKYLcuA==",
      "cpu": [
        "x64"
      ],
      "dev": true,
      "license": "MIT",
      "optional": true,
      "os": [
        "openbsd"
      ],
      "engines": {
        "node": ">=18"
      }
    },
    "node_modules/@esbuild/openharmony-arm64": {
      "version": "0.25.9",
      "resolved": "https://registry.npmjs.org/@esbuild/openharmony-arm64/-/openharmony-arm64-0.25.9.tgz",
      "integrity": "sha512-4Xd0xNiMVXKh6Fa7HEJQbrpP3m3DDn43jKxMjxLLRjWnRsfxjORYJlXPO4JNcXtOyfajXorRKY9NkOpTHptErg==",
      "cpu": [
        "arm64"
      ],
      "dev": true,
      "license": "MIT",
      "optional": true,
      "os": [
        "openharmony"
      ],
      "engines": {
        "node": ">=18"
      }
    },
    "node_modules/@esbuild/sunos-x64": {
      "version": "0.25.9",
      "resolved": "https://registry.npmjs.org/@esbuild/sunos-x64/-/sunos-x64-0.25.9.tgz",
      "integrity": "sha512-WjH4s6hzo00nNezhp3wFIAfmGZ8U7KtrJNlFMRKxiI9mxEK1scOMAaa9i4crUtu+tBr+0IN6JCuAcSBJZfnphw==",
      "cpu": [
        "x64"
      ],
      "dev": true,
      "license": "MIT",
      "optional": true,
      "os": [
        "sunos"
      ],
      "engines": {
        "node": ">=18"
      }
    },
    "node_modules/@esbuild/win32-arm64": {
      "version": "0.25.9",
      "resolved": "https://registry.npmjs.org/@esbuild/win32-arm64/-/win32-arm64-0.25.9.tgz",
      "integrity": "sha512-mGFrVJHmZiRqmP8xFOc6b84/7xa5y5YvR1x8djzXpJBSv/UsNK6aqec+6JDjConTgvvQefdGhFDAs2DLAds6gQ==",
      "cpu": [
        "arm64"
      ],
      "dev": true,
      "license": "MIT",
      "optional": true,
      "os": [
        "win32"
      ],
      "engines": {
        "node": ">=18"
      }
    },
    "node_modules/@esbuild/win32-ia32": {
      "version": "0.25.9",
      "resolved": "https://registry.npmjs.org/@esbuild/win32-ia32/-/win32-ia32-0.25.9.tgz",
      "integrity": "sha512-b33gLVU2k11nVx1OhX3C8QQP6UHQK4ZtN56oFWvVXvz2VkDoe6fbG8TOgHFxEvqeqohmRnIHe5A1+HADk4OQww==",
      "cpu": [
        "ia32"
      ],
      "dev": true,
      "license": "MIT",
      "optional": true,
      "os": [
        "win32"
      ],
      "engines": {
        "node": ">=18"
      }
    },
    "node_modules/@esbuild/win32-x64": {
      "version": "0.25.9",
      "resolved": "https://registry.npmjs.org/@esbuild/win32-x64/-/win32-x64-0.25.9.tgz",
      "integrity": "sha512-PPOl1mi6lpLNQxnGoyAfschAodRFYXJ+9fs6WHXz7CSWKbOqiMZsubC+BQsVKuul+3vKLuwTHsS2c2y9EoKwxQ==",
      "cpu": [
        "x64"
      ],
      "dev": true,
      "license": "MIT",
      "optional": true,
      "os": [
        "win32"
      ],
      "engines": {
        "node": ">=18"
      }
    },
    "node_modules/@openai/codex": {
      "version": "0.157.0",
      "resolved": "https://registry.npmjs.org/@openai/codex/-/codex-0.157.0.tgz",
      "integrity": "sha512-st1R2MhP3ndngOqj2SVh1qk6ED1lpgtlDxipDUyxlKfbsna0imwU2FdTnCjohFQpVh4bR5D5m1hA05AuW2v8Xg==",
      "license": "Apache-2.0",
      "bin": {
        "codex": "bin/codex.js"
      },
      "engines": {
        "node": ">=16"
      },
      "optionalDependencies": {
        "@openai/codex-darwin-arm64": "npm:@openai/codex@0.157.0-darwin-arm64",
        "@openai/codex-darwin-x64": "npm:@openai/codex@0.157.0-darwin-x64",
        "@openai/codex-linux-arm64": "npm:@openai/codex@0.157.0-linux-arm64",
        "@openai/codex-linux-x64": "npm:@openai/codex@0.157.0-linux-x64",
        "@openai/codex-win32-arm64": "npm:@openai/codex@0.157.0-win32-arm64",
        "@openai/codex-win32-x64": "npm:@openai/codex@0.157.0-win32-x64"
      }
    },
    "node_modules/@openai/codex-darwin-arm64": {
      "name": "@openai/codex",
      "version": "0.157.0-darwin-arm64",
      "resolved": "https://registry.npmjs.org/@openai/codex/-/codex-0.157.0-darwin-arm64.tgz",
      "integrity": "sha512-mcaLbR+tTizMr7nzxBscNfPpGrdxmsyyDqXnpPPd2419YXorDiLGpF5QmtA29gUUFg9ppjhZjM854R4tXNHzVQ==",
      "cpu": [
        "arm64"
      ],
      "license": "Apache-2.0",
      "optional": true,
      "os": [
        "darwin"
      ],
      "engines": {
        "node": ">=16"
      }
    },
    "node_modules/@openai/codex-darwin-x64": {
      "name": "@openai/codex",
      "version": "0.157.0-darwin-x64",
      "resolved": "https://registry.npmjs.org/@openai/codex/-/codex-0.157.0-darwin-x64.tgz",
      "integrity": "sha512-ZLwB/P3LcvTrNfUAKKxdEDN2qzvDf9g+x4Ahv7BKCya5uNhG000GR64SXh4aP0h23hJIJQLwWNmiTMgDhPC7QQ==",
      "cpu": [
        "x64"
      ],
      "license": "Apache-2.0",
      "optional": true,
      "os": [
        "darwin"
      ],
      "engines": {
        "node": ">=16"
      }
    },
    "node_modules/@openai/codex-linux-arm64": {
      "name": "@openai/codex",
      "version": "0.157.0-linux-arm64",
      "resolved": "https://registry.npmjs.org/@openai/codex/-/codex-0.157.0-linux-arm64.tgz",
      "integrity": "sha512-67Y2HL4s+DEKtWr1oFz86iN+wLDRsdm6fuq8rhaxlt8QeIK79aO7Eg82Wfucou4QSisq/SSWYkwa9q7hWi8fLA==",
      "cpu": [
        "arm64"
      ],
      "license": "Apache-2.0",
      "optional": true,
      "os": [
        "linux"
      ],
      "engines": {
        "node": ">=16"
      }
    },
    "node_modules/@openai/codex-linux-x64": {
      "name": "@openai/codex",
      "version": "0.157.0-linux-x64",
      "resolved": "https://registry.npmjs.org/@openai/codex/-/codex-0.157.0-linux-x64.tgz",
      "integrity": "sha512-3TEPslRaNmlgJST5xMJJ9ZWXW1hr4RlVEpF0tO4NULNGj4b5naWlHa6PlSRiDpnMz322aJkz0uvyyKqc37rLJQ==",
      "cpu": [
        "x64"
      ],
      "license": "Apache-2.0",
      "optional": true,
      "os": [
        "linux"
      ],
      "engines": {
        "node": ">=16"
      }
    },
    "node_modules/@openai/codex-win32-arm64": {
      "name": "@openai/codex",
      "version": "0.157.0-win32-arm64",
      "resolved": "https://registry.npmjs.org/@openai/codex/-/codex-0.157.0-win32-arm64.tgz",
      "integrity": "sha512-a5IkHahC9dO8OcWPvxEy/+1oC/7X4VCeMAZOvzhcYKPOwhPbHkyzzEJGGAVEuForpfR26N4khuGOLY2Q55BrRA==",
      "cpu": [
        "arm64"
      ],
      "license": "Apache-2.0",
      "optional": true,
      "os": [
        "win32"
      ],
      "engines": {
        "node": ">=16"
      }
    },
    "node_modules/@openai/codex-win32-x64": {
      "name": "@openai/codex",
      "version": "0.157.0-win32-x64",
      "resolved": "https://registry.npmjs.org/@openai/codex/-/codex-0.157.0-win32-x64.tgz",
      "integrity": "sha512-vZm6DtJ6rBWzdaelStuU+1PH3aCxtgQCENmzgs6EPa0mW6Ouk70a6vv8KzlysG4vx+kcnglBrIcwEn0yNgS2hw==",
      "cpu": [
        "x64"
      ],
      "license": "Apache-2.0",
      "optional": true,
      "os": [
        "win32"
      ],
      "engines": {
        "node": ">=16"
      }
    },
    "node_modules/@standard-schema/spec": {
      "version": "1.1.0",
      "resolved": "https://registry.npmjs.org/@standard-schema/spec/-/spec-1.1.0.tgz",
      "integrity": "sha512-l2aFy5jALhniG5HgqrD6jXLi/rUWrKvqN/qJx6yoJsgKhblVd+iqqU4RCXavm/jPityDo5TCvKMnpjKnOriy0w==",
      "license": "MIT"
    },
    "node_modules/esbuild": {
      "version": "0.25.9",
      "resolved": "https://registry.npmjs.org/esbuild/-/esbuild-0.25.9.tgz",
      "integrity": "sha512-CRbODhYyQx3qp7ZEwzxOk4JBqmD/seJrzPa/cGjY1VtIn5E09Oi9/dB4JwctnfZ8Q8iT7rioVv5k/FNT/uf54g==",
      "dev": true,
      "hasInstallScript": true,
      "license": "MIT",
      "bin": {
        "esbuild": "bin/esbuild"
      },
      "engines": {
        "node": ">=18"
      },
      "optionalDependencies": {
        "@esbuild/aix-ppc64": "0.25.9",
        "@esbuild/android-arm": "0.25.9",
        "@esbuild/android-arm64": "0.25.9",
        "@esbuild/android-x64": "0.25.9",
        "@esbuild/darwin-arm64": "0.25.9",
        "@esbuild/darwin-x64": "0.25.9",
        "@esbuild/freebsd-arm64": "0.25.9",
        "@esbuild/freebsd-x64": "0.25.9",
        "@esbuild/linux-arm": "0.25.9",
        "@esbuild/linux-arm64": "0.25.9",
        "@esbuild/linux-ia32": "0.25.9",
        "@esbuild/linux-loong64": "0.25.9",
        "@esbuild/linux-mips64el": "0.25.9",
        "@esbuild/linux-ppc64": "0.25.9",
        "@esbuild/linux-riscv64": "0.25.9",
        "@esbuild/linux-s390x": "0.25.9",
        "@esbuild/linux-x64": "0.25.9",
        "@esbuild/netbsd-arm64": "0.25.9",
        "@esbuild/netbsd-x64": "0.25.9",
        "@esbuild/openbsd-arm64": "0.25.9",
        "@esbuild/openbsd-x64": "0.25.9",
        "@esbuild/openharmony-arm64": "0.25.9",
        "@esbuild/sunos-x64": "0.25.9",
        "@esbuild/win32-arm64": "0.25.9",
        "@esbuild/win32-ia32": "0.25.9",
        "@esbuild/win32-x64": "0.25.9"
      }
    },
    "node_modules/js-tokens": {
      "version": "4.0.0",
      "resolved": "https://registry.npmjs.org/js-tokens/-/js-tokens-4.0.0.tgz",
      "integrity": "sha512-RdJUflcE3cUzKiMqQgsCu06FPu9UdIJO0beYbPhHN4k6apgJtifcoCtT9bcxOpYBtpD2kCM6Sbzg4CausW/PKQ==",
      "dev": true,
      "license": "MIT"
    },
    "node_modules/loose-envify": {
      "version": "1.4.0",
      "resolved": "https://registry.npmjs.org/loose-envify/-/loose-envify-1.4.0.tgz",
      "integrity": "sha512-lyuxPGr/Wfhrlem2CL/UcnUc1zcqKAImBDzukY7Y5F/yQiNdko6+fRLevlw1HgMySw7f611UIY408EtxRSoK3Q==",
      "dev": true,
      "license": "MIT",
      "dependencies": {
        "js-tokens": "^3.0.0 || ^4.0.0"
      },
      "bin": {
        "loose-envify": "cli.js"
      }
    },
    "node_modules/react": {
      "version": "18.3.1",
      "resolved": "https://registry.npmjs.org/react/-/react-18.3.1.tgz",
      "integrity": "sha512-wS+hAgJShR0KhEvPJArfuPVN1+Hz1t0Y6n5jLrGQbkb4urgPE/0Rve+1kMB1v/oWgHgm4WIcV+i7F2pTVj+2iQ==",
      "dev": true,
      "license": "MIT",
      "peer": true,
      "dependencies": {
        "loose-envify": "^1.1.0"
      },
      "engines": {
        "node": ">=0.10.0"
      }
    },
    "node_modules/react-dom": {
      "version": "18.3.1",
      "resolved": "https://registry.npmjs.org/react-dom/-/react-dom-18.3.1.tgz",
      "integrity": "sha512-5m4nQKp+rZRb09LNH59GM4BxTh9251/ylbKIbpe7TpGxfJ+9kv6BLkLBXIjjspbgbnIBNqlI23tRnTWT0snUIw==",
      "dev": true,
      "license": "MIT",
      "dependencies": {
        "loose-envify": "^1.1.0",
        "scheduler": "^0.23.2"
      },
      "peerDependencies": {
        "react": "^18.3.1"
      }
    },
    "node_modules/scheduler": {
      "version": "0.23.2",
      "resolved": "https://registry.npmjs.org/scheduler/-/scheduler-0.23.2.tgz",
      "integrity": "sha512-UOShsPwz7NrMUqhR6t0hWjFduvOzbtv7toDH1/hIrfRNIDBnnBWd0CwJTGvTpngVlmwGCdP9/Zl/tVrDqcuYzQ==",
      "dev": true,
      "license": "MIT",
      "dependencies": {
        "loose-envify": "^1.1.0"
      }
    },
    "node_modules/zod": {
      "version": "4.6.5",
      "resolved": "https://registry.npmjs.org/zod/-/zod-4.6.5.tgz",
      "integrity": "sha512-v5l/aFXZQeai4awLbOpSoHecE9UiMrnfx75tEXLjNonXVARxQ5mOeipTjROUchszUNCqnE+hqAMujRsRHsut2Q==",
      "license": "MIT",
      "funding": {
        "url": "https://github.com/sponsors/colinhacks"
      }
    }
  }
}
